
Microsoft Visual Studio Solution File, Format Version 12.00
Project("{FAE04EC0-301F-11D3-BF4B-00C04F79EFBC}") = "TwinPrimePalindromes", "TwinPrimePalindromes\TwinPrimePalindromes.csproj", "{12907032-5339-460A-BBEC-0A3E6F1B5941}"
EndProject
Global
	GlobalSection(SolutionConfigurationPlatforms) = preSolution
		Debug|Any CPU = Debug|Any CPU
		Release|Any CPU = Release|Any CPU
	EndGlobalSection
	GlobalSection(ProjectConfigurationPlatforms) = postSolution
		{12907032-5339-460A-BBEC-0A3E6F1B5941}.Debug|Any CPU.ActiveCfg = Debug|Any CPU
		{12907032-5339-460A-BBEC-0A3E6F1B5941}.Debug|Any CPU.Build.0 = Debug|Any CPU
		{12907032-5339-460A-BBEC-0A3E6F1B5941}.Release|Any CPU.ActiveCfg = Release|Any CPU
		{12907032-5339-460A-BBEC-0A3E6F1B5941}.Release|Any CPU.Build.0 = Release|Any CPU
	EndGlobalSection
EndGlobal
